
Microsoft Visual Studio Solution File, Format Version 12.00
# Visual Studio Version 17
VisualStudioVersion = 17.1.32414.318
MinimumVisualStudioVersion = 10.0.40219.1
Project("{FAE04EC0-301F-11D3-BF4B-00C04F79EFBC}") = "ConsoleApp5", "ConsoleApp5\ConsoleApp5.csproj", "{3ED81E8E-CF32-4499-BF1C-8524BB2A849E}"
EndProject
Global
	GlobalSection(SolutionConfigurationPlatforms) = preSolution
		Debug|Any CPU = Debug|Any CPU
		Release|Any CPU = Release|Any CPU
	EndGlobalSection
	GlobalSection(ProjectConfigurationPlatforms) = postSolution
		{3ED81E8E-CF32-4499-BF1C-8524BB2A849E}.Debug|Any CPU.ActiveCfg = Debug|Any CPU
		{3ED81E8E-CF32-4499-BF1C-8524BB2A849E}.Debug|Any CPU.Build.0 = Debug|Any CPU
		{3ED81E8E-CF32-4499-BF1C-8524BB2A849E}.Release|Any CPU.ActiveCfg = Release|Any CPU
		{3ED81E8E-CF32-4499-BF1C-8524BB2A849E}.Release|Any CPU.Build.0 = Release|Any CPU
	EndGlobalSection
	GlobalSection(SolutionProperties) = preSolution
		HideSolutionNode = FALSE
	EndGlobalSection
	GlobalSection(ExtensibilityGlobals) = postSolution
		SolutionGuid = {37F491E2-54E1-4C32-90D8-B91083C9FDF1}
	EndGlobalSection
EndGlobal
